
Microsoft Visual Studio Solution File, Format Version 12.00
# Visual Studio Version 16
VisualStudioVersion = 16.0.30413.136
MinimumVisualStudioVersion = 10.0.40219.1
Project("{FAE04EC0-301F-11D3-BF4B-00C04F79EFBC}") = "donguler-for-loop", "donguler-for-loop\donguler-for-loop.csproj", "{667CA77B-6F85-46BF-9E37-E5530BFFF11D}"
EndProject
Global
	GlobalSection(SolutionConfigurationPlatforms) = preSolution
		Debug|Any CPU = Debug|Any CPU
		Release|Any CPU = Release|Any CPU
	EndGlobalSection
	GlobalSection(ProjectConfigurationPlatforms) = postSolution
		{667CA77B-6F85-46BF-9E37-E5530BFFF11D}.Debug|Any CPU.ActiveCfg = Debug|Any CPU
		{667CA77B-6F85-46BF-9E37-E5530BFFF11D}.Debug|Any CPU.Build.0 = Debug|Any CPU
		{667CA77B-6F85-46BF-9E37-E5530BFFF11D}.Release|Any CPU.ActiveCfg = Release|Any CPU
		{667CA77B-6F85-46BF-9E37-E5530BFFF11D}.Release|Any CPU.Build.0 = Release|Any CPU
	EndGlobalSection
	GlobalSection(SolutionProperties) = preSolution
		HideSolutionNode = FALSE
	EndGlobalSection
	GlobalSection(ExtensibilityGlobals) = postSolution
		SolutionGuid = {FF39BD06-8324-46C5-905B-2D7764AA5E96}
	EndGlobalSection
EndGlobal
