
Microsoft Visual Studio Solution File, Format Version 12.00
# Visual Studio Version 16
VisualStudioVersion = 16.0.30413.136
MinimumVisualStudioVersion = 10.0.40219.1
Project("{FAE04EC0-301F-11D3-BF4B-00C04F79EFBC}") = "Operatorler", "Operatorler\Operatorler.csproj", "{2A541285-BEA6-4DDE-865E-6F995E99069E}"
EndProject
Global
	GlobalSection(SolutionConfigurationPlatforms) = preSolution
		Debug|Any CPU = Debug|Any CPU
		Release|Any CPU = Release|Any CPU
	EndGlobalSection
	GlobalSection(ProjectConfigurationPlatforms) = postSolution
		{2A541285-BEA6-4DDE-865E-6F995E99069E}.Debug|Any CPU.ActiveCfg = Debug|Any CPU
		{2A541285-BEA6-4DDE-865E-6F995E99069E}.Debug|Any CPU.Build.0 = Debug|Any CPU
		{2A541285-BEA6-4DDE-865E-6F995E99069E}.Release|Any CPU.ActiveCfg = Release|Any CPU
		{2A541285-BEA6-4DDE-865E-6F995E99069E}.Release|Any CPU.Build.0 = Release|Any CPU
	EndGlobalSection
	GlobalSection(SolutionProperties) = preSolution
		HideSolutionNode = FALSE
	EndGlobalSection
	GlobalSection(ExtensibilityGlobals) = postSolution
		SolutionGuid = {56E40021-1CA6-4AF3-AC01-C69B0F52949B}
	EndGlobalSection
EndGlobal
